
Microsoft Visual Studio Solution File, Format Version 12.00
# Visual Studio 15
VisualStudioVersion = 15.0.27004.2002
MinimumVisualStudioVersion = 10.0.40219.1
Project("{FAE04EC0-301F-11D3-BF4B-00C04F79EFBC}") = "DataGridExample", "DataGridExample\DataGridExample.csproj", "{5351096C-C5A2-4588-A2C9-F053583FE95A}"
EndProject
Global
	GlobalSection(SolutionConfigurationPlatforms) = preSolution
		Debug|Any CPU = Debug|Any CPU
		Release|Any CPU = Release|Any CPU
	EndGlobalSection
	GlobalSection(ProjectConfigurationPlatforms) = postSolution
		{5351096C-C5A2-4588-A2C9-F053583FE95A}.Debug|Any CPU.ActiveCfg = Debug|Any CPU
		{5351096C-C5A2-4588-A2C9-F053583FE95A}.Debug|Any CPU.Build.0 = Debug|Any CPU
		{5351096C-C5A2-4588-A2C9-F053583FE95A}.Release|Any CPU.ActiveCfg = Release|Any CPU
		{5351096C-C5A2-4588-A2C9-F053583FE95A}.Release|Any CPU.Build.0 = Release|Any CPU
	EndGlobalSection
	GlobalSection(SolutionProperties) = preSolution
		HideSolutionNode = FALSE
	EndGlobalSection
	GlobalSection(ExtensibilityGlobals) = postSolution
		SolutionGuid = {29F9A1AD-2B10-44BD-9544-FE039D0226DD}
	EndGlobalSection
EndGlobal
